
Microsoft Visual Studio Solution File, Format Version 12.00
# Visual Studio Version 17
VisualStudioVersion = 17.14.36511.14 d17.14
MinimumVisualStudioVersion = 10.0.40219.1
Project("{8BC9CEB8-8B4A-11D0-8D11-00A0C91BC942}") = "Siv_Shin", "Siv_Shin\Siv_Shin.vcxproj", "{0B1EC48F-1E39-47BB-BB45-82F17A8E32DE}"
EndProject
Global
	GlobalSection(SolutionConfigurationPlatforms) = preSolution
		Debug|x64 = Debug|x64
		Release|x64 = Release|x64
	EndGlobalSection
	GlobalSection(ProjectConfigurationPlatforms) = postSolution
		{0B1EC48F-1E39-47BB-BB45-82F17A8E32DE}.Debug|x64.ActiveCfg = Debug|x64
		{0B1EC48F-1E39-47BB-BB45-82F17A8E32DE}.Debug|x64.Build.0 = Debug|x64
		{0B1EC48F-1E39-47BB-BB45-82F17A8E32DE}.Release|x64.ActiveCfg = Release|x64
		{0B1EC48F-1E39-47BB-BB45-82F17A8E32DE}.Release|x64.Build.0 = Release|x64
	EndGlobalSection
	GlobalSection(SolutionProperties) = preSolution
		HideSolutionNode = FALSE
	EndGlobalSection
	GlobalSection(ExtensibilityGlobals) = postSolution
		SolutionGuid = {E9999C8A-7EA9-4562-99AB-245314B2C6A7}
	EndGlobalSection
EndGlobal
